{
  "nodes": {
    "cli-anything": {
      "flake": false,
      "locked": {
        "lastModified": 1782395158,
        "narHash": "sha256-7x0mB+g9HHzMvUbS/tO7Ly1m7q54DyIchmVPL8q5+/U=",
        "owner": "HKUDS",
        "repo": "CLI-Anything",
        "rev": "dc7392489222dbcc520817609290755d6dd8b0bb",
        "type": "github"
      },
      "original": {
        "owner": "HKUDS",
        "repo": "CLI-Anything",
        "type": "github"
      }
    },
    "darwin-emacs": {
      "inputs": {
        "flake-utils": "flake-utils",
        "nixpkgs": [
          "nixpkgs"
        ]
      },
      "locked": {
        "lastModified": 1783399537,
        "narHash": "sha256-LZFjf5H6Gbm/fqjztHBwUKqQVNAhUKTZ+KJgBnB+Vqo=",
        "owner": "nix-giant",
        "repo": "nix-darwin-emacs",
        "rev": "7bd1cb9dc7a99a2ca6744768214fa240d2d7eff7",
        "type": "github"
      },
      "original": {
        "owner": "nix-giant",
        "repo": "nix-darwin-emacs",
        "type": "github"
      }
    },
    "everything-claude-code": {
      "flake": false,
      "locked": {
        "lastModified": 1783197867,
        "narHash": "sha256-E/IwTUv7rMfFwTd1d5QmlBAmkCF8T1ujKenYWFK8TZ8=",
        "owner": "affaan-m",
        "repo": "everything-claude-code",
        "rev": "4130457d674d2180c5af2c5f634f3cae4cbc6c4f",
        "type": "github"
      },
      "original": {
        "owner": "affaan-m",
        "repo": "everything-claude-code",
        "type": "github"
      }
    },
    "flake-utils": {
      "inputs": {
        "systems": "systems"
      },
      "locked": {
        "lastModified": 1731533236,
        "narHash": "sha256-l0KFg5HjrsfsO/JpG+r7fRrqm12kzFHyUHqHCVpMMbI=",
        "owner": "numtide",
        "repo": "flake-utils",
        "rev": "11707dc2f618dd54ca8739b309ec4fc024de578b",
        "type": "github"
      },
      "original": {
        "owner": "numtide",
        "repo": "flake-utils",
        "type": "github"
      }
    },
    "home-manager": {
      "inputs": {
        "nixpkgs": [
          "nixpkgs"
        ]
      },
      "locked": {
        "lastModified": 1783436070,
        "narHash": "sha256-F80z1JoiJgZyTT5D+3siLOVzqmCEphLR7t0Ym/I2CLI=",
        "owner": "nix-community",
        "repo": "home-manager",
        "rev": "f09af49406ffad37acb6538d3207189a1a1e0b7e",
        "type": "github"
      },
      "original": {
        "owner": "nix-community",
        "repo": "home-manager",
        "type": "github"
      }
    },
    "lsfg-vk-flake": {
      "inputs": {
        "nixpkgs": [
          "nixpkgs"
        ]
      },
      "locked": {
        "lastModified": 1756367273,
        "narHash": "sha256-u7/qG5xQxW+o51R2lBPj0NxU3oFrUwj78UlCKKNHGAc=",
        "owner": "pabloaul",
        "repo": "lsfg-vk-flake",
        "rev": "62aadfc844b2002abe47cbbc9dfd028033376248",
        "type": "github"
      },
      "original": {
        "owner": "pabloaul",
        "ref": "main",
        "repo": "lsfg-vk-flake",
        "type": "github"
      }
    },
    "nix-darwin": {
      "inputs": {
        "nixpkgs": [
          "nixpkgs"
        ]
      },
      "locked": {
        "lastModified": 1783395956,
        "narHash": "sha256-AAbexQvDoK+6GFJdhY6kqjA+6ECKRkidgWxkn4gMwAA=",
        "owner": "LnL7",
        "repo": "nix-darwin",
        "rev": "d5bd9cd77aea4c0a8f49e7fd85545671a208ed15",
        "type": "github"
      },
      "original": {
        "owner": "LnL7",
        "repo": "nix-darwin",
        "type": "github"
      }
    },
    "nixpkgs": {
      "locked": {
        "lastModified": 1783224372,
        "narHash": "sha256-8i/87eeoqiGE4yOTjwSA3Eh/ziJRQEmd/unYU+K27sk=",
        "owner": "NixOS",
        "repo": "nixpkgs",
        "rev": "d407951447dcd00442e97087bf374aad70c04cea",
        "type": "github"
      },
      "original": {
        "owner": "NixOS",
        "ref": "nixos-unstable",
        "repo": "nixpkgs",
        "type": "github"
      }
    },
    "root": {
      "inputs": {
        "cli-anything": "cli-anything",
        "darwin-emacs": "darwin-emacs",
        "everything-claude-code": "everything-claude-code",
        "home-manager": "home-manager",
        "lsfg-vk-flake": "lsfg-vk-flake",
        "nix-darwin": "nix-darwin",
        "nixpkgs": "nixpkgs",
        "sops-nix": "sops-nix"
      }
    },
    "sops-nix": {
      "inputs": {
        "nixpkgs": [
          "nixpkgs"
        ]
      },
      "locked": {
        "lastModified": 1783174389,
        "narHash": "sha256-aCWC8ngycU7OdJrU2+Je3qf+1a2ykuBvpPhZT/9tXMc=",
        "owner": "Mic92",
        "repo": "sops-nix",
        "rev": "f1406619a3884cd5c47992a70b8b35c9c0fcb4c9",
        "type": "github"
      },
      "original": {
        "owner": "Mic92",
        "repo": "sops-nix",
        "type": "github"
      }
    },
    "systems": {
      "locked": {
        "lastModified": 1681028828,
        "narHash": "sha256-Vy1rq5AaRuLzOxct8nz4T6wlgyUR7zLU309k9mBC768=",
        "owner": "nix-systems",
        "repo": "default",
        "rev": "da67096a3b9bf56a91d16901293e51ba5b49a27e",
        "type": "github"
      },
      "original": {
        "owner": "nix-systems",
        "repo": "default",
        "type": "github"
      }
    }
  },
  "root": "root",
  "version": 7
}
